// !$*UTF8*$!
{
	archiveVersion = 1;
	classes = {
	};
	objectVersion = 56;
	objects = {

/* Begin PBXBuildFile section */
		875387982BC41B02002BC481 /* Gamietory.xcdatamodeld in Sources */ = {isa = PBXBuildFile; fileRef = 875387962BC41B02002BC481 /* Gamietory.xcdatamodeld */; };
		8753879A2BC41D5D002BC481 /* DataController.swift in Sources */ = {isa = PBXBuildFile; fileRef = 875387992BC41D5D002BC481 /* DataController.swift */; };
		8753879C2BC428A8002BC481 /* FavoriteView.swift in Sources */ = {isa = PBXBuildFile; fileRef = 8753879B2BC428A8002BC481 /* FavoriteView.swift */; };
		8753879E2BC4D64B002BC481 /* DetailFavoriteView.swift in Sources */ = {isa = PBXBuildFile; fileRef = 8753879D2BC4D64B002BC481 /* DetailFavoriteView.swift */; };
		87E3CB872BC9279B00EF4B38 /* GameDetailResponse.swift in Sources */ = {isa = PBXBuildFile; fileRef = 87E3CB862BC9279B00EF4B38 /* GameDetailResponse.swift */; };
		87E7A1692BBD3573008B8FD6 /* GamietoryApp.swift in Sources */ = {isa = PBXBuildFile; fileRef = 87E7A1682BBD3573008B8FD6 /* GamietoryApp.swift */; };
		87E7A16B2BBD3573008B8FD6 /* ContentView.swift in Sources */ = {isa = PBXBuildFile; fileRef = 87E7A16A2BBD3573008B8FD6 /* ContentView.swift */; };
		87E7A16D2BBD3574008B8FD6 /* Assets.xcassets in Resources */ = {isa = PBXBuildFile; fileRef = 87E7A16C2BBD3574008B8FD6 /* Assets.xcassets */; };
		87E7A1702BBD3574008B8FD6 /* Preview Assets.xcassets in Resources */ = {isa = PBXBuildFile; fileRef = 87E7A16F2BBD3574008B8FD6 /* Preview Assets.xcassets */; };
		87E7A17A2BBD38DE008B8FD6 /* GameList.swift in Sources */ = {isa = PBXBuildFile; fileRef = 87E7A1792BBD38DE008B8FD6 /* GameList.swift */; };
		87E7A17D2BBD3904008B8FD6 /* AsyncImageComp.swift in Sources */ = {isa = PBXBuildFile; fileRef = 87E7A17C2BBD3904008B8FD6 /* AsyncImageComp.swift */; };
		87E7A17F2BBD3975008B8FD6 /* GameService.swift in Sources */ = {isa = PBXBuildFile; fileRef = 87E7A17E2BBD3975008B8FD6 /* GameService.swift */; };
		87E7A1842BBD3B80008B8FD6 /* GameResponse.swift in Sources */ = {isa = PBXBuildFile; fileRef = 87E7A1832BBD3B80008B8FD6 /* GameResponse.swift */; };
		87E7A1862BBD3D0B008B8FD6 /* GameViewModel.swift in Sources */ = {isa = PBXBuildFile; fileRef = 87E7A1852BBD3D0B008B8FD6 /* GameViewModel.swift */; };
		87E7A1882BBD5013008B8FD6 /* GameDetail.swift in Sources */ = {isa = PBXBuildFile; fileRef = 87E7A1872BBD5013008B8FD6 /* GameDetail.swift */; };
		87E7A18A2BBD5F8E008B8FD6 /* AboutPage.swift in Sources */ = {isa = PBXBuildFile; fileRef = 87E7A1892BBD5F8E008B8FD6 /* AboutPage.swift */; };
/* End PBXBuildFile section */

/* Begin PBXFileReference section */
		875387972BC41B02002BC481 /* Gamietory.xcdatamodel */ = {isa = PBXFileReference; lastKnownFileType = wrapper.xcdatamodel; path = Gamietory.xcdatamodel; sourceTree = "<group>"; };
		875387992BC41D5D002BC481 /* DataController.swift */ = {isa = PBXFileReference; lastKnownFileType = sourcecode.swift; path = DataController.swift; sourceTree = "<group>"; };
		8753879B2BC428A8002BC481 /* FavoriteView.swift */ = {isa = PBXFileReference; lastKnownFileType = sourcecode.swift; path = FavoriteView.swift; sourceTree = "<group>"; };
		8753879D2BC4D64B002BC481 /* DetailFavoriteView.swift */ = {isa = PBXFileReference; lastKnownFileType = sourcecode.swift; path = DetailFavoriteView.swift; sourceTree = "<group>"; };
		87E3CB862BC9279B00EF4B38 /* GameDetailResponse.swift */ = {isa = PBXFileReference; lastKnownFileType = sourcecode.swift; path = GameDetailResponse.swift; sourceTree = "<group>"; };
		87E7A1652BBD3573008B8FD6 /* Gamietory.app */ = {isa = PBXFileReference; explicitFileType = wrapper.application; includeInIndex = 0; path = Gamietory.app; sourceTree = BUILT_PRODUCTS_DIR; };
		87E7A1682BBD3573008B8FD6 /* GamietoryApp.swift */ = {isa = PBXFileReference; lastKnownFileType = sourcecode.swift; path = GamietoryApp.swift; sourceTree = "<group>"; };
		87E7A16A2BBD3573008B8FD6 /* ContentView.swift */ = {isa = PBXFileReference; lastKnownFileType = sourcecode.swift; path = ContentView.swift; sourceTree = "<group>"; };
		87E7A16C2BBD3574008B8FD6 /* Assets.xcassets */ = {isa = PBXFileReference; lastKnownFileType = folder.assetcatalog; path = Assets.xcassets; sourceTree = "<group>"; };
		87E7A16F2BBD3574008B8FD6 /* Preview Assets.xcassets */ = {isa = PBXFileReference; lastKnownFileType = folder.assetcatalog; path = "Preview Assets.xcassets"; sourceTree = "<group>"; };
		87E7A1792BBD38DE008B8FD6 /* GameList.swift */ = {isa = PBXFileReference; lastKnownFileType = sourcecode.swift; path = GameList.swift; sourceTree = "<group>"; };
		87E7A17C2BBD3904008B8FD6 /* AsyncImageComp.swift */ = {isa = PBXFileReference; lastKnownFileType = sourcecode.swift; path = AsyncImageComp.swift; sourceTree = "<group>"; };
		87E7A17E2BBD3975008B8FD6 /* GameService.swift */ = {isa = PBXFileReference; lastKnownFileType = sourcecode.swift; path = GameService.swift; sourceTree = "<group>"; };
		87E7A1832BBD3B80008B8FD6 /* GameResponse.swift */ = {isa = PBXFileReference; lastKnownFileType = sourcecode.swift; path = GameResponse.swift; sourceTree = "<group>"; };
		87E7A1852BBD3D0B008B8FD6 /* GameViewModel.swift */ = {isa = PBXFileReference; lastKnownFileType = sourcecode.swift; path = GameViewModel.swift; sourceTree = "<group>"; };
		87E7A1872BBD5013008B8FD6 /* GameDetail.swift */ = {isa = PBXFileReference; lastKnownFileType = sourcecode.swift; path = GameDetail.swift; sourceTree = "<group>"; };
		87E7A1892BBD5F8E008B8FD6 /* AboutPage.swift */ = {isa = PBXFileReference; lastKnownFileType = sourcecode.swift; path = AboutPage.swift; sourceTree = "<group>"; };
/* End PBXFileReference section */

/* Begin PBXFrameworksBuildPhase section */
		87E7A1622BBD3573008B8FD6 /* Frameworks */ = {
			isa = PBXFrameworksBuildPhase;
			buildActionMask = 2147483647;
			files = (
			);
			runOnlyForDeploymentPostprocessing = 0;
		};
/* End PBXFrameworksBuildPhase section */

/* Begin PBXGroup section */
		87E7A15C2BBD3573008B8FD6 = {
			isa = PBXGroup;
			children = (
				87E7A1672BBD3573008B8FD6 /* Gamietory */,
				87E7A1662BBD3573008B8FD6 /* Products */,
			);
			sourceTree = "<group>";
		};
		87E7A1662BBD3573008B8FD6 /* Products */ = {
			isa = PBXGroup;
			children = (
				87E7A1652BBD3573008B8FD6 /* Gamietory.app */,
			);
			name = Products;
			sourceTree = "<group>";
		};
		87E7A1672BBD3573008B8FD6 /* Gamietory */ = {
			isa = PBXGroup;
			children = (
				87E7A1772BBD38BB008B8FD6 /* Data */,
				87E7A1762BBD38B1008B8FD6 /* Presentation */,
				87E7A1682BBD3573008B8FD6 /* GamietoryApp.swift */,
				87E7A16A2BBD3573008B8FD6 /* ContentView.swift */,
				87E7A16C2BBD3574008B8FD6 /* Assets.xcassets */,
				87E7A16E2BBD3574008B8FD6 /* Preview Content */,
				875387962BC41B02002BC481 /* Gamietory.xcdatamodeld */,
			);
			path = Gamietory;
			sourceTree = "<group>";
		};
		87E7A16E2BBD3574008B8FD6 /* Preview Content */ = {
			isa = PBXGroup;
			children = (
				87E7A16F2BBD3574008B8FD6 /* Preview Assets.xcassets */,
			);
			path = "Preview Content";
			sourceTree = "<group>";
		};
		87E7A1762BBD38B1008B8FD6 /* Presentation */ = {
			isa = PBXGroup;
			children = (
				87E7A17B2BBD38F0008B8FD6 /* AsyncImage */,
				87E7A1792BBD38DE008B8FD6 /* GameList.swift */,
				87E7A1852BBD3D0B008B8FD6 /* GameViewModel.swift */,
				87E7A1872BBD5013008B8FD6 /* GameDetail.swift */,
				87E7A1892BBD5F8E008B8FD6 /* AboutPage.swift */,
				8753879B2BC428A8002BC481 /* FavoriteView.swift */,
				8753879D2BC4D64B002BC481 /* DetailFavoriteView.swift */,
			);
			path = Presentation;
			sourceTree = "<group>";
		};
		87E7A1772BBD38BB008B8FD6 /* Data */ = {
			isa = PBXGroup;
			children = (
				87E7A1822BBD3B6B008B8FD6 /* Model */,
				87E7A1782BBD38C1008B8FD6 /* Services */,
				875387992BC41D5D002BC481 /* DataController.swift */,
			);
			path = Data;
			sourceTree = "<group>";
		};
		87E7A1782BBD38C1008B8FD6 /* Services */ = {
			isa = PBXGroup;
			children = (
				87E7A17E2BBD3975008B8FD6 /* GameService.swift */,
			);
			path = Services;
			sourceTree = "<group>";
		};
		87E7A17B2BBD38F0008B8FD6 /* AsyncImage */ = {
			isa = PBXGroup;
			children = (
				87E7A17C2BBD3904008B8FD6 /* AsyncImageComp.swift */,
			);
			path = AsyncImage;
			sourceTree = "<group>";
		};
		87E7A1822BBD3B6B008B8FD6 /* Model */ = {
			isa = PBXGroup;
			children = (
				87E7A1832BBD3B80008B8FD6 /* GameResponse.swift */,
				87E3CB862BC9279B00EF4B38 /* GameDetailResponse.swift */,
			);
			path = Model;
			sourceTree = "<group>";
		};
/* End PBXGroup section */

/* Begin PBXNativeTarget section */
		87E7A1642BBD3573008B8FD6 /* Gamietory */ = {
			isa = PBXNativeTarget;
			buildConfigurationList = 87E7A1732BBD3574008B8FD6 /* Build configuration list for PBXNativeTarget "Gamietory" */;
			buildPhases = (
				87E7A1612BBD3573008B8FD6 /* Sources */,
				87E7A1622BBD3573008B8FD6 /* Frameworks */,
				87E7A1632BBD3573008B8FD6 /* Resources */,
			);
			buildRules = (
			);
			dependencies = (
			);
			name = Gamietory;
			productName = Gamietory;
			productReference = 87E7A1652BBD3573008B8FD6 /* Gamietory.app */;
			productType = "com.apple.product-type.application";
		};
/* End PBXNativeTarget section */

/* Begin PBXProject section */
		87E7A15D2BBD3573008B8FD6 /* Project object */ = {
			isa = PBXProject;
			attributes = {
				BuildIndependentTargetsInParallel = 1;
				LastSwiftUpdateCheck = 1530;
				LastUpgradeCheck = 1530;
				TargetAttributes = {
					87E7A1642BBD3573008B8FD6 = {
						CreatedOnToolsVersion = 15.3;
					};
				};
			};
			buildConfigurationList = 87E7A1602BBD3573008B8FD6 /* Build configuration list for PBXProject "Gamietory" */;
			compatibilityVersion = "Xcode 14.0";
			developmentRegion = en;
			hasScannedForEncodings = 0;
			knownRegions = (
				en,
				Base,
			);
			mainGroup = 87E7A15C2BBD3573008B8FD6;
			productRefGroup = 87E7A1662BBD3573008B8FD6 /* Products */;
			projectDirPath = "";
			projectRoot = "";
			targets = (
				87E7A1642BBD3573008B8FD6 /* Gamietory */,
			);
		};
/* End PBXProject section */

/* Begin PBXResourcesBuildPhase section */
		87E7A1632BBD3573008B8FD6 /* Resources */ = {
			isa = PBXResourcesBuildPhase;
			buildActionMask = 2147483647;
			files = (
				87E7A1702BBD3574008B8FD6 /* Preview Assets.xcassets in Resources */,
				87E7A16D2BBD3574008B8FD6 /* Assets.xcassets in Resources */,
			);
			runOnlyForDeploymentPostprocessing = 0;
		};
/* End PBXResourcesBuildPhase section */

/* Begin PBXSourcesBuildPhase section */
		87E7A1612BBD3573008B8FD6 /* Sources */ = {
			isa = PBXSourcesBuildPhase;
			buildActionMask = 2147483647;
			files = (
				87E7A1882BBD5013008B8FD6 /* GameDetail.swift in Sources */,
				87E7A16B2BBD3573008B8FD6 /* ContentView.swift in Sources */,
				87E7A18A2BBD5F8E008B8FD6 /* AboutPage.swift in Sources */,
				87E7A17A2BBD38DE008B8FD6 /* GameList.swift in Sources */,
				8753879C2BC428A8002BC481 /* FavoriteView.swift in Sources */,
				87E3CB872BC9279B00EF4B38 /* GameDetailResponse.swift in Sources */,
				87E7A1842BBD3B80008B8FD6 /* GameResponse.swift in Sources */,
				8753879A2BC41D5D002BC481 /* DataController.swift in Sources */,
				87E7A17F2BBD3975008B8FD6 /* GameService.swift in Sources */,
				87E7A1692BBD3573008B8FD6 /* GamietoryApp.swift in Sources */,
				87E7A17D2BBD3904008B8FD6 /* AsyncImageComp.swift in Sources */,
				87E7A1862BBD3D0B008B8FD6 /* GameViewModel.swift in Sources */,
				875387982BC41B02002BC481 /* Gamietory.xcdatamodeld in Sources */,
				8753879E2BC4D64B002BC481 /* DetailFavoriteView.swift in Sources */,
			);
			runOnlyForDeploymentPostprocessing = 0;
		};
/* End PBXSourcesBuildPhase section */

/* Begin XCBuildConfiguration section */
		87E7A1712BBD3574008B8FD6 /* Debug */ = {
			isa = XCBuildConfiguration;
			buildSettings = {
				ALWAYS_SEARCH_USER_PATHS = NO;
				ASSETCATALOG_COMPILER_GENERATE_SWIFT_ASSET_SYMBOL_EXTENSIONS = YES;
				CLANG_ANALYZER_NONNULL = YES;
				CLANG_ANALYZER_NUMBER_OBJECT_CONVERSION = YES_AGGRESSIVE;
				CLANG_CXX_LANGUAGE_STANDARD = "gnu++20";
				CLANG_ENABLE_MODULES = YES;
				CLANG_ENABLE_OBJC_ARC = YES;
				CLANG_ENABLE_OBJC_WEAK = YES;
				CLANG_WARN_BLOCK_CAPTURE_AUTORELEASING = YES;
				CLANG_WARN_BOOL_CONVERSION = YES;
				CLANG_WARN_COMMA = YES;
				CLANG_WARN_CONSTANT_CONVERSION = YES;
				CLANG_WARN_DEPRECATED_OBJC_IMPLEMENTATIONS = YES;
				CLANG_WARN_DIRECT_OBJC_ISA_USAGE = YES_ERROR;
				CLANG_WARN_DOCUMENTATION_COMMENTS = YES;
				CLANG_WARN_EMPTY_BODY = YES;
				CLANG_WARN_ENUM_CONVERSION = YES;
				CLANG_WARN_INFINITE_RECURSION = YES;
				CLANG_WARN_INT_CONVERSION = YES;
				CLANG_WARN_NON_LITERAL_NULL_CONVERSION = YES;
				CLANG_WARN_OBJC_IMPLICIT_RETAIN_SELF = YES;
				CLANG_WARN_OBJC_LITERAL_CONVERSION = YES;
				CLANG_WARN_OBJC_ROOT_CLASS = YES_ERROR;
				CLANG_WARN_QUOTED_INCLUDE_IN_FRAMEWORK_HEADER = YES;
				CLANG_WARN_RANGE_LOOP_ANALYSIS = YES;
				CLANG_WARN_STRICT_PROTOTYPES = YES;
				CLANG_WARN_SUSPICIOUS_MOVE = YES;
				CLANG_WARN_UNGUARDED_AVAILABILITY = YES_AGGRESSIVE;
				CLANG_WARN_UNREACHABLE_CODE = YES;
				CLANG_WARN__DUPLICATE_METHOD_MATCH = YES;
				COPY_PHASE_STRIP = NO;
				DEBUG_INFORMATION_FORMAT = dwarf;
				ENABLE_STRICT_OBJC_MSGSEND = YES;
				ENABLE_TESTABILITY = YES;
				ENABLE_USER_SCRIPT_SANDBOXING = YES;
				GCC_C_LANGUAGE_STANDARD = gnu17;
				GCC_DYNAMIC_NO_PIC = NO;
				GCC_NO_COMMON_BLOCKS = YES;
				GCC_OPTIMIZATION_LEVEL = 0;
				GCC_PREPROCESSOR_DEFINITIONS = (
					"DEBUG=1",
					"$(inherited)",
				);
				GCC_WARN_64_TO_32_BIT_CONVERSION = YES;
				GCC_WARN_ABOUT_RETURN_TYPE = YES_ERROR;
				GCC_WARN_UNDECLARED_SELECTOR = YES;
				GCC_WARN_UNINITIALIZED_AUTOS = YES_AGGRESSIVE;
				GCC_WARN_UNUSED_FUNCTION = YES;
				GCC_WARN_UNUSED_VARIABLE = YES;
				IPHONEOS_DEPLOYMENT_TARGET = 17.4;
				LOCALIZATION_PREFERS_STRING_CATALOGS = YES;
				MTL_ENABLE_DEBUG_INFO = INCLUDE_SOURCE;
				MTL_FAST_MATH = YES;
				ONLY_ACTIVE_ARCH = YES;
				SDKROOT = iphoneos;
				SWIFT_ACTIVE_COMPILATION_CONDITIONS = "DEBUG $(inherited)";
				SWIFT_OPTIMIZATION_LEVEL = "-Onone";
			};
			name = Debug;
		};
		87E7A1722BBD3574008B8FD6 /* Release */ = {
			isa = XCBuildConfiguration;
			buildSettings = {
				ALWAYS_SEARCH_USER_PATHS = NO;
				ASSETCATALOG_COMPILER_GENERATE_SWIFT_ASSET_SYMBOL_EXTENSIONS = YES;
				CLANG_ANALYZER_NONNULL = YES;
				CLANG_ANALYZER_NUMBER_OBJECT_CONVERSION = YES_AGGRESSIVE;
				CLANG_CXX_LANGUAGE_STANDARD = "gnu++20";
				CLANG_ENABLE_MODULES = YES;
				CLANG_ENABLE_OBJC_ARC = YES;
				CLANG_ENABLE_OBJC_WEAK = YES;
				CLANG_WARN_BLOCK_CAPTURE_AUTORELEASING = YES;
				CLANG_WARN_BOOL_CONVERSION = YES;
				CLANG_WARN_COMMA = YES;
				CLANG_WARN_CONSTANT_CONVERSION = YES;
				CLANG_WARN_DEPRECATED_OBJC_IMPLEMENTATIONS = YES;
				CLANG_WARN_DIRECT_OBJC_ISA_USAGE = YES_ERROR;
				CLANG_WARN_DOCUMENTATION_COMMENTS = YES;
				CLANG_WARN_EMPTY_BODY = YES;
				CLANG_WARN_ENUM_CONVERSION = YES;
				CLANG_WARN_INFINITE_RECURSION = YES;
				CLANG_WARN_INT_CONVERSION = YES;
				CLANG_WARN_NON_LITERAL_NULL_CONVERSION = YES;
				CLANG_WARN_OBJC_IMPLICIT_RETAIN_SELF = YES;
				CLANG_WARN_OBJC_LITERAL_CONVERSION = YES;
				CLANG_WARN_OBJC_ROOT_CLASS = YES_ERROR;
				CLANG_WARN_QUOTED_INCLUDE_IN_FRAMEWORK_HEADER = YES;
				CLANG_WARN_RANGE_LOOP_ANALYSIS = YES;
				CLANG_WARN_STRICT_PROTOTYPES = YES;
				CLANG_WARN_SUSPICIOUS_MOVE = YES;
				CLANG_WARN_UNGUARDED_AVAILABILITY = YES_AGGRESSIVE;
				CLANG_WARN_UNREACHABLE_CODE = YES;
				CLANG_WARN__DUPLICATE_METHOD_MATCH = YES;
				COPY_PHASE_STRIP = NO;
				DEBUG_INFORMATION_FORMAT = "dwarf-with-dsym";
				ENABLE_NS_ASSERTIONS = NO;
				ENABLE_STRICT_OBJC_MSGSEND = YES;
				ENABLE_USER_SCRIPT_SANDBOXING = YES;
				GCC_C_LANGUAGE_STANDARD = gnu17;
				GCC_NO_COMMON_BLOCKS = YES;
				GCC_WARN_64_TO_32_BIT_CONVERSION = YES;
				GCC_WARN_ABOUT_RETURN_TYPE = YES_ERROR;
				GCC_WARN_UNDECLARED_SELECTOR = YES;
				GCC_WARN_UNINITIALIZED_AUTOS = YES_AGGRESSIVE;
				GCC_WARN_UNUSED_FUNCTION = YES;
				GCC_WARN_UNUSED_VARIABLE = YES;
				IPHONEOS_DEPLOYMENT_TARGET = 17.4;
				LOCALIZATION_PREFERS_STRING_CATALOGS = YES;
				MTL_ENABLE_DEBUG_INFO = NO;
				MTL_FAST_MATH = YES;
				SDKROOT = iphoneos;
				SWIFT_COMPILATION_MODE = wholemodule;
				VALIDATE_PRODUCT = YES;
			};
			name = Release;
		};
		87E7A1742BBD3574008B8FD6 /* Debug */ = {
			isa = XCBuildConfiguration;
			buildSettings = {
				ASSETCATALOG_COMPILER_APPICON_NAME = AppIcon;
				ASSETCATALOG_COMPILER_GLOBAL_ACCENT_COLOR_NAME = AccentColor;
				CODE_SIGN_STYLE = Automatic;
				CURRENT_PROJECT_VERSION = 1;
				DEVELOPMENT_ASSET_PATHS = "\"Gamietory/Preview Content\"";
				ENABLE_PREVIEWS = YES;
				GENERATE_INFOPLIST_FILE = YES;
				INFOPLIST_KEY_UIApplicationSceneManifest_Generation = YES;
				INFOPLIST_KEY_UIApplicationSupportsIndirectInputEvents = YES;
				INFOPLIST_KEY_UILaunchScreen_Generation = YES;
				INFOPLIST_KEY_UISupportedInterfaceOrientations_iPad = "UIInterfaceOrientationPortrait UIInterfaceOrientationPortraitUpsideDown UIInterfaceOrientationLandscapeLeft UIInterfaceOrientationLandscapeRight";
				INFOPLIST_KEY_UISupportedInterfaceOrientations_iPhone = "UIInterfaceOrientationPortrait UIInterfaceOrientationLandscapeLeft UIInterfaceOrientationLandscapeRight";
				LD_RUNPATH_SEARCH_PATHS = (
					"$(inherited)",
					"@executable_path/Frameworks",
				);
				MARKETING_VERSION = 1.0;
				PRODUCT_BUNDLE_IDENTIFIER = com.neotica.Gamietory;
				PRODUCT_NAME = "$(TARGET_NAME)";
				SWIFT_EMIT_LOC_STRINGS = YES;
				SWIFT_VERSION = 5.0;
				TARGETED_DEVICE_FAMILY = "1,2";
			};
			name = Debug;
		};
		87E7A1752BBD3574008B8FD6 /* Release */ = {
			isa = XCBuildConfiguration;
			buildSettings = {
				ASSETCATALOG_COMPILER_APPICON_NAME = AppIcon;
				ASSETCATALOG_COMPILER_GLOBAL_ACCENT_COLOR_NAME = AccentColor;
				CODE_SIGN_STYLE = Automatic;
				CURRENT_PROJECT_VERSION = 1;
				DEVELOPMENT_ASSET_PATHS = "\"Gamietory/Preview Content\"";
				ENABLE_PREVIEWS = YES;
				GENERATE_INFOPLIST_FILE = YES;
				INFOPLIST_KEY_UIApplicationSceneManifest_Generation = YES;
				INFOPLIST_KEY_UIApplicationSupportsIndirectInputEvents = YES;
				INFOPLIST_KEY_UILaunchScreen_Generation = YES;
				INFOPLIST_KEY_UISupportedInterfaceOrientations_iPad = "UIInterfaceOrientationPortrait UIInterfaceOrientationPortraitUpsideDown UIInterfaceOrientationLandscapeLeft UIInterfaceOrientationLandscapeRight";
				INFOPLIST_KEY_UISupportedInterfaceOrientations_iPhone = "UIInterfaceOrientationPortrait UIInterfaceOrientationLandscapeLeft UIInterfaceOrientationLandscapeRight";
				LD_RUNPATH_SEARCH_PATHS = (
					"$(inherited)",
					"@executable_path/Frameworks",
				);
				MARKETING_VERSION = 1.0;
				PRODUCT_BUNDLE_IDENTIFIER = com.neotica.Gamietory;
				PRODUCT_NAME = "$(TARGET_NAME)";
				SWIFT_EMIT_LOC_STRINGS = YES;
				SWIFT_VERSION = 5.0;
				TARGETED_DEVICE_FAMILY = "1,2";
			};
			name = Release;
		};
/* End XCBuildConfiguration section */

/* Begin XCConfigurationList section */
		87E7A1602BBD3573008B8FD6 /* Build configuration list for PBXProject "Gamietory" */ = {
			isa = XCConfigurationList;
			buildConfigurations = (
				87E7A1712BBD3574008B8FD6 /* Debug */,
				87E7A1722BBD3574008B8FD6 /* Release */,
			);
			defaultConfigurationIsVisible = 0;
			defaultConfigurationName = Release;
		};
		87E7A1732BBD3574008B8FD6 /* Build configuration list for PBXNativeTarget "Gamietory" */ = {
			isa = XCConfigurationList;
			buildConfigurations = (
				87E7A1742BBD3574008B8FD6 /* Debug */,
				87E7A1752BBD3574008B8FD6 /* Release */,
			);
			defaultConfigurationIsVisible = 0;
			defaultConfigurationName = Release;
		};
/* End XCConfigurationList section */

/* Begin XCVersionGroup section */
		875387962BC41B02002BC481 /* Gamietory.xcdatamodeld */ = {
			isa = XCVersionGroup;
			children = (
				875387972BC41B02002BC481 /* Gamietory.xcdatamodel */,
			);
			currentVersion = 875387972BC41B02002BC481 /* Gamietory.xcdatamodel */;
			name = Gamietory.xcdatamodeld;
			path = /Users/ryomartin/Documents/Developer/Gamietory/Gamietory/Gamietory.xcdatamodeld;
			sourceTree = "<group>";
			versionGroupType = wrapper.xcdatamodel;
		};
/* End XCVersionGroup section */
	};
	rootObject = 87E7A15D2BBD3573008B8FD6 /* Project object */;
}
